
Microsoft Visual Studio Solution File, Format Version 12.00
# Visual Studio Version 16
VisualStudioVersion = 16.0.30002.166
MinimumVisualStudioVersion = 10.0.40219.1
Project("{888888A0-9F3D-457C-B088-3A5042F75D52}") = "IB", "IB\IB.pyproj", "{621CC48D-415E-4082-84E8-23AAB94EA895}"
EndProject
Global
	GlobalSection(SolutionConfigurationPlatforms) = preSolution
		Debug|Any CPU = Debug|Any CPU
		Release|Any CPU = Release|Any CPU
	EndGlobalSection
	GlobalSection(ProjectConfigurationPlatforms) = postSolution
		{621CC48D-415E-4082-84E8-23AAB94EA895}.Debug|Any CPU.ActiveCfg = Debug|Any CPU
		{621CC48D-415E-4082-84E8-23AAB94EA895}.Release|Any CPU.ActiveCfg = Release|Any CPU
	EndGlobalSection
	GlobalSection(SolutionProperties) = preSolution
		HideSolutionNode = FALSE
	EndGlobalSection
	GlobalSection(ExtensibilityGlobals) = postSolution
		SolutionGuid = {E2245FB6-F221-4A42-BB5D-0A902BA81A32}
	EndGlobalSection
EndGlobal
